// !$*UTF8*$!
{
	archiveVersion = 1;
	classes = {
	};
	objectVersion = 46;
	objects = {

/* Begin PBXBuildFile section */
		0085D6C91E6816AD00BCB29C /* main.m in Sources */ = {isa = PBXBuildFile; fileRef = 0085D6C81E6816AD00BCB29C /* main.m */; };
		0085D6CC1E6816AD00BCB29C /* AppDelegate.m in Sources */ = {isa = PBXBuildFile; fileRef = 0085D6CB1E6816AD00BCB29C /* AppDelegate.m */; };
		0085D6CF1E6816AD00BCB29C /* ViewController.m in Sources */ = {isa = PBXBuildFile; fileRef = 0085D6CE1E6816AD00BCB29C /* ViewController.m */; };
		0085D6D41E6816AD00BCB29C /* Assets.xcassets in Resources */ = {isa = PBXBuildFile; fileRef = 0085D6D31E6816AD00BCB29C /* Assets.xcassets */; };
		0085D6D71E6816AD00BCB29C /* LaunchScreen.storyboard in Resources */ = {isa = PBXBuildFile; fileRef = 0085D6D51E6816AD00BCB29C /* LaunchScreen.storyboard */; };
		0085D6E21E6816AD00BCB29C /* ISVCashierSystemTests.m in Sources */ = {isa = PBXBuildFile; fileRef = 0085D6E11E6816AD00BCB29C /* ISVCashierSystemTests.m */; };
		0085D6ED1E6816AD00BCB29C /* ISVCashierSystemUITests.m in Sources */ = {isa = PBXBuildFile; fileRef = 0085D6EC1E6816AD00BCB29C /* ISVCashierSystemUITests.m */; };
		00FE22B01E687087004A4D82 /* ISVTabBarController.m in Sources */ = {isa = PBXBuildFile; fileRef = 00FE22AF1E687087004A4D82 /* ISVTabBarController.m */; };
		00FE22B31E6870AD004A4D82 /* ISVNavigationController.m in Sources */ = {isa = PBXBuildFile; fileRef = 00FE22B21E6870AD004A4D82 /* ISVNavigationController.m */; };
		00FE22BA1E68779F004A4D82 /* ISVHomeViewController.m in Sources */ = {isa = PBXBuildFile; fileRef = 00FE22B91E68779F004A4D82 /* ISVHomeViewController.m */; };
		00FE22BD1E6877B0004A4D82 /* ISVMeViewController.m in Sources */ = {isa = PBXBuildFile; fileRef = 00FE22BC1E6877B0004A4D82 /* ISVMeViewController.m */; };
		00FE22C61E69009F004A4D82 /* UIImage+ISVExtension.m in Sources */ = {isa = PBXBuildFile; fileRef = 00FE22C51E69009F004A4D82 /* UIImage+ISVExtension.m */; };
		00FE22CA1E690F80004A4D82 /* ISVHomeModel.m in Sources */ = {isa = PBXBuildFile; fileRef = 00FE22C91E690F80004A4D82 /* ISVHomeModel.m */; };
		00FE235C1E691D60004A4D82 /* UIColor+ISVExtension.m in Sources */ = {isa = PBXBuildFile; fileRef = 00FE235B1E691D60004A4D82 /* UIColor+ISVExtension.m */; };
		00FE235F1E69C6F7004A4D82 /* scanCodeViewController.m in Sources */ = {isa = PBXBuildFile; fileRef = 00FE235E1E69C6F7004A4D82 /* scanCodeViewController.m */; };
		00FE23621E6A5BDD004A4D82 /* UIButton+ISVExt.m in Sources */ = {isa = PBXBuildFile; fileRef = 00FE23611E6A5BDD004A4D82 /* UIButton+ISVExt.m */; };
		00FE23651E6A6A69004A4D82 /* UIView+ISVRoundedCorners.m in Sources */ = {isa = PBXBuildFile; fileRef = 00FE23641E6A6A69004A4D82 /* UIView+ISVRoundedCorners.m */; };
		8B15F7EB4C6BAAB9B931C876 /* libPods-ISVCashierSystem.a in Frameworks */ = {isa = PBXBuildFile; fileRef = 76EB028E7DB3B69CFDF78173 /* libPods-ISVCashierSystem.a */; };
/* End PBXBuildFile section */

/* Begin PBXContainerItemProxy section */
		0085D6DE1E6816AD00BCB29C /* PBXContainerItemProxy */ = {
			isa = PBXContainerItemProxy;
			containerPortal = 0085D6BC1E6816AD00BCB29C /* Project object */;
			proxyType = 1;
			remoteGlobalIDString = 0085D6C31E6816AD00BCB29C;
			remoteInfo = ISVCashierSystem;
		};
		0085D6E91E6816AD00BCB29C /* PBXContainerItemProxy */ = {
			isa = PBXContainerItemProxy;
			containerPortal = 0085D6BC1E6816AD00BCB29C /* Project object */;
			proxyType = 1;
			remoteGlobalIDString = 0085D6C31E6816AD00BCB29C;
			remoteInfo = ISVCashierSystem;
		};
/* End PBXContainerItemProxy section */

/* Begin PBXFileReference section */
		0085D6C41E6816AD00BCB29C /* ISVCashierSystem.app */ = {isa = PBXFileReference; explicitFileType = wrapper.application; includeInIndex = 0; path = ISVCashierSystem.app; sourceTree = BUILT_PRODUCTS_DIR; };
		0085D6C81E6816AD00BCB29C /* main.m */ = {isa = PBXFileReference; lastKnownFileType = sourcecode.c.objc; path = main.m; sourceTree = "<group>"; };
		0085D6CA1E6816AD00BCB29C /* AppDelegate.h */ = {isa = PBXFileReference; lastKnownFileType = sourcecode.c.h; path = AppDelegate.h; sourceTree = "<group>"; };
		0085D6CB1E6816AD00BCB29C /* AppDelegate.m */ = {isa = PBXFileReference; lastKnownFileType = sourcecode.c.objc; path = AppDelegate.m; sourceTree = "<group>"; };
		0085D6CD1E6816AD00BCB29C /* ViewController.h */ = {isa = PBXFileReference; lastKnownFileType = sourcecode.c.h; path = ViewController.h; sourceTree = "<group>"; };
		0085D6CE1E6816AD00BCB29C /* ViewController.m */ = {isa = PBXFileReference; lastKnownFileType = sourcecode.c.objc; path = ViewController.m; sourceTree = "<group>"; };
		0085D6D31E6816AD00BCB29C /* Assets.xcassets */ = {isa = PBXFileReference; lastKnownFileType = folder.assetcatalog; path = Assets.xcassets; sourceTree = "<group>"; };
		0085D6D61E6816AD00BCB29C /* Base */ = {isa = PBXFileReference; lastKnownFileType = file.storyboard; name = Base; path = Base.lproj/LaunchScreen.storyboard; sourceTree = "<group>"; };
		0085D6D81E6816AD00BCB29C /* Info.plist */ = {isa = PBXFileReference; lastKnownFileType = text.plist.xml; path = Info.plist; sourceTree = "<group>"; };
		0085D6DD1E6816AD00BCB29C /* ISVCashierSystemTests.xctest */ = {isa = PBXFileReference; explicitFileType = wrapper.cfbundle; includeInIndex = 0; path = ISVCashierSystemTests.xctest; sourceTree = BUILT_PRODUCTS_DIR; };
		0085D6E11E6816AD00BCB29C /* ISVCashierSystemTests.m */ = {isa = PBXFileReference; lastKnownFileType = sourcecode.c.objc; path = ISVCashierSystemTests.m; sourceTree = "<group>"; };
		0085D6E31E6816AD00BCB29C /* Info.plist */ = {isa = PBXFileReference; lastKnownFileType = text.plist.xml; path = Info.plist; sourceTree = "<group>"; };
		0085D6E81E6816AD00BCB29C /* ISVCashierSystemUITests.xctest */ = {isa = PBXFileReference; explicitFileType = wrapper.cfbundle; includeInIndex = 0; path = ISVCashierSystemUITests.xctest; sourceTree = BUILT_PRODUCTS_DIR; };
		0085D6EC1E6816AD00BCB29C /* ISVCashierSystemUITests.m */ = {isa = PBXFileReference; lastKnownFileType = sourcecode.c.objc; path = ISVCashierSystemUITests.m; sourceTree = "<group>"; };
		0085D6EE1E6816AD00BCB29C /* Info.plist */ = {isa = PBXFileReference; lastKnownFileType = text.plist.xml; path = Info.plist; sourceTree = "<group>"; };
		00FE22AE1E687087004A4D82 /* ISVTabBarController.h */ = {isa = PBXFileReference; fileEncoding = 4; lastKnownFileType = sourcecode.c.h; path = ISVTabBarController.h; sourceTree = "<group>"; };
		00FE22AF1E687087004A4D82 /* ISVTabBarController.m */ = {isa = PBXFileReference; fileEncoding = 4; lastKnownFileType = sourcecode.c.objc; path = ISVTabBarController.m; sourceTree = "<group>"; };
		00FE22B11E6870AD004A4D82 /* ISVNavigationController.h */ = {isa = PBXFileReference; fileEncoding = 4; lastKnownFileType = sourcecode.c.h; path = ISVNavigationController.h; sourceTree = "<group>"; };
		00FE22B21E6870AD004A4D82 /* ISVNavigationController.m */ = {isa = PBXFileReference; fileEncoding = 4; lastKnownFileType = sourcecode.c.objc; path = ISVNavigationController.m; sourceTree = "<group>"; };
		00FE22B81E68779F004A4D82 /* ISVHomeViewController.h */ = {isa = PBXFileReference; fileEncoding = 4; lastKnownFileType = sourcecode.c.h; path = ISVHomeViewController.h; sourceTree = "<group>"; };
		00FE22B91E68779F004A4D82 /* ISVHomeViewController.m */ = {isa = PBXFileReference; fileEncoding = 4; lastKnownFileType = sourcecode.c.objc; path = ISVHomeViewController.m; sourceTree = "<group>"; };
		00FE22BB1E6877B0004A4D82 /* ISVMeViewController.h */ = {isa = PBXFileReference; fileEncoding = 4; lastKnownFileType = sourcecode.c.h; path = ISVMeViewController.h; sourceTree = "<group>"; };
		00FE22BC1E6877B0004A4D82 /* ISVMeViewController.m */ = {isa = PBXFileReference; fileEncoding = 4; lastKnownFileType = sourcecode.c.objc; path = ISVMeViewController.m; sourceTree = "<group>"; };
		00FE22C01E68FC33004A4D82 /* UIConstant.h */ = {isa = PBXFileReference; lastKnownFileType = sourcecode.c.h; path = UIConstant.h; sourceTree = "<group>"; };
		00FE22C11E68FD15004A4D82 /* Constant.h */ = {isa = PBXFileReference; lastKnownFileType = sourcecode.c.h; path = Constant.h; sourceTree = "<group>"; };
		00FE22C21E68FD73004A4D82 /* ISV.pch */ = {isa = PBXFileReference; lastKnownFileType = sourcecode.c.h; path = ISV.pch; sourceTree = "<group>"; };
		00FE22C41E69009F004A4D82 /* UIImage+ISVExtension.h */ = {isa = PBXFileReference; fileEncoding = 4; lastKnownFileType = sourcecode.c.h; path = "UIImage+ISVExtension.h"; sourceTree = "<group>"; };
		00FE22C51E69009F004A4D82 /* UIImage+ISVExtension.m */ = {isa = PBXFileReference; fileEncoding = 4; lastKnownFileType = sourcecode.c.objc; path = "UIImage+ISVExtension.m"; sourceTree = "<group>"; };
		00FE22C81E690F80004A4D82 /* ISVHomeModel.h */ = {isa = PBXFileReference; fileEncoding = 4; lastKnownFileType = sourcecode.c.h; path = ISVHomeModel.h; sourceTree = "<group>"; };
		00FE22C91E690F80004A4D82 /* ISVHomeModel.m */ = {isa = PBXFileReference; fileEncoding = 4; lastKnownFileType = sourcecode.c.objc; path = ISVHomeModel.m; sourceTree = "<group>"; };
		00FE235A1E691D60004A4D82 /* UIColor+ISVExtension.h */ = {isa = PBXFileReference; fileEncoding = 4; lastKnownFileType = sourcecode.c.h; path = "UIColor+ISVExtension.h"; sourceTree = "<group>"; };
		00FE235B1E691D60004A4D82 /* UIColor+ISVExtension.m */ = {isa = PBXFileReference; fileEncoding = 4; lastKnownFileType = sourcecode.c.objc; path = "UIColor+ISVExtension.m"; sourceTree = "<group>"; };
		00FE235D1E69C6F7004A4D82 /* scanCodeViewController.h */ = {isa = PBXFileReference; fileEncoding = 4; lastKnownFileType = sourcecode.c.h; path = scanCodeViewController.h; sourceTree = "<group>"; };
		00FE235E1E69C6F7004A4D82 /* scanCodeViewController.m */ = {isa = PBXFileReference; fileEncoding = 4; lastKnownFileType = sourcecode.c.objc; path = scanCodeViewController.m; sourceTree = "<group>"; };
		00FE23601E6A5BDD004A4D82 /* UIButton+ISVExt.h */ = {isa = PBXFileReference; fileEncoding = 4; lastKnownFileType = sourcecode.c.h; path = "UIButton+ISVExt.h"; sourceTree = "<group>"; };
		00FE23611E6A5BDD004A4D82 /* UIButton+ISVExt.m */ = {isa = PBXFileReference; fileEncoding = 4; lastKnownFileType = sourcecode.c.objc; path = "UIButton+ISVExt.m"; sourceTree = "<group>"; };
		00FE23631E6A6A69004A4D82 /* UIView+ISVRoundedCorners.h */ = {isa = PBXFileReference; fileEncoding = 4; lastKnownFileType = sourcecode.c.h; path = "UIView+ISVRoundedCorners.h"; sourceTree = "<group>"; };
		00FE23641E6A6A69004A4D82 /* UIView+ISVRoundedCorners.m */ = {isa = PBXFileReference; fileEncoding = 4; lastKnownFileType = sourcecode.c.objc; path = "UIView+ISVRoundedCorners.m"; sourceTree = "<group>"; };
		42EA1701F47141B334D3F1AA /* Pods-ISVCashierSystem.release.xcconfig */ = {isa = PBXFileReference; includeInIndex = 1; lastKnownFileType = text.xcconfig; name = "Pods-ISVCashierSystem.release.xcconfig"; path = "Pods/Target Support Files/Pods-ISVCashierSystem/Pods-ISVCashierSystem.release.xcconfig"; sourceTree = "<group>"; };
		76EB028E7DB3B69CFDF78173 /* libPods-ISVCashierSystem.a */ = {isa = PBXFileReference; explicitFileType = archive.ar; includeInIndex = 0; path = "libPods-ISVCashierSystem.a"; sourceTree = BUILT_PRODUCTS_DIR; };
		9EFE15AFA39A8A84A0894642 /* Pods-ISVCashierSystem.debug.xcconfig */ = {isa = PBXFileReference; includeInIndex = 1; lastKnownFileType = text.xcconfig; name = "Pods-ISVCashierSystem.debug.xcconfig"; path = "Pods/Target Support Files/Pods-ISVCashierSystem/Pods-ISVCashierSystem.debug.xcconfig"; sourceTree = "<group>"; };
/* End PBXFileReference section */

/* Begin PBXFrameworksBuildPhase section */
		0085D6C11E6816AD00BCB29C /* Frameworks */ = {
			isa = PBXFrameworksBuildPhase;
			buildActionMask = 2147483647;
			files = (
				8B15F7EB4C6BAAB9B931C876 /* libPods-ISVCashierSystem.a in Frameworks */,
			);
			runOnlyForDeploymentPostprocessing = 0;
		};
		0085D6DA1E6816AD00BCB29C /* Frameworks */ = {
			isa = PBXFrameworksBuildPhase;
			buildActionMask = 2147483647;
			files = (
			);
			runOnlyForDeploymentPostprocessing = 0;
		};
		0085D6E51E6816AD00BCB29C /* Frameworks */ = {
			isa = PBXFrameworksBuildPhase;
			buildActionMask = 2147483647;
			files = (
			);
			runOnlyForDeploymentPostprocessing = 0;
		};
/* End PBXFrameworksBuildPhase section */

/* Begin PBXGroup section */
		0085D6BB1E6816AD00BCB29C = {
			isa = PBXGroup;
			children = (
				0085D6C61E6816AD00BCB29C /* ISVCashierSystem */,
				0085D6E01E6816AD00BCB29C /* ISVCashierSystemTests */,
				0085D6EB1E6816AD00BCB29C /* ISVCashierSystemUITests */,
				0085D6C51E6816AD00BCB29C /* Products */,
				5F8111660384CBEEB24F4AB8 /* Pods */,
				F2FCA0FB50982E8E7411E11F /* Frameworks */,
			);
			sourceTree = "<group>";
		};
		0085D6C51E6816AD00BCB29C /* Products */ = {
			isa = PBXGroup;
			children = (
				0085D6C41E6816AD00BCB29C /* ISVCashierSystem.app */,
				0085D6DD1E6816AD00BCB29C /* ISVCashierSystemTests.xctest */,
				0085D6E81E6816AD00BCB29C /* ISVCashierSystemUITests.xctest */,
			);
			name = Products;
			sourceTree = "<group>";
		};
		0085D6C61E6816AD00BCB29C /* ISVCashierSystem */ = {
			isa = PBXGroup;
			children = (
				0085D6CA1E6816AD00BCB29C /* AppDelegate.h */,
				0085D6CB1E6816AD00BCB29C /* AppDelegate.m */,
				0085D6CD1E6816AD00BCB29C /* ViewController.h */,
				0085D6CE1E6816AD00BCB29C /* ViewController.m */,
				00FE22AB1E68704A004A4D82 /* Classes */,
				0085D6D31E6816AD00BCB29C /* Assets.xcassets */,
				0085D6D51E6816AD00BCB29C /* LaunchScreen.storyboard */,
				0085D6D81E6816AD00BCB29C /* Info.plist */,
				0085D6C71E6816AD00BCB29C /* Supporting Files */,
			);
			path = ISVCashierSystem;
			sourceTree = "<group>";
		};
		0085D6C71E6816AD00BCB29C /* Supporting Files */ = {
			isa = PBXGroup;
			children = (
				0085D6C81E6816AD00BCB29C /* main.m */,
				00FE22C21E68FD73004A4D82 /* ISV.pch */,
			);
			name = "Supporting Files";
			sourceTree = "<group>";
		};
		0085D6E01E6816AD00BCB29C /* ISVCashierSystemTests */ = {
			isa = PBXGroup;
			children = (
				0085D6E11E6816AD00BCB29C /* ISVCashierSystemTests.m */,
				0085D6E31E6816AD00BCB29C /* Info.plist */,
			);
			path = ISVCashierSystemTests;
			sourceTree = "<group>";
		};
		0085D6EB1E6816AD00BCB29C /* ISVCashierSystemUITests */ = {
			isa = PBXGroup;
			children = (
				0085D6EC1E6816AD00BCB29C /* ISVCashierSystemUITests.m */,
				0085D6EE1E6816AD00BCB29C /* Info.plist */,
			);
			path = ISVCashierSystemUITests;
			sourceTree = "<group>";
		};
		00FE22AB1E68704A004A4D82 /* Classes */ = {
			isa = PBXGroup;
			children = (
				00FE22BE1E68FC0D004A4D82 /* Other(其他) */,
				00FE22B41E687782004A4D82 /* Home(首页) */,
				00FE22B61E687782004A4D82 /* Me(我的) */,
				00FE22AC1E68704A004A4D82 /* Main */,
			);
			path = Classes;
			sourceTree = "<group>";
		};
		00FE22AC1E68704A004A4D82 /* Main */ = {
			isa = PBXGroup;
			children = (
				00FE22AD1E68704A004A4D82 /* Controller */,
			);
			path = Main;
			sourceTree = "<group>";
		};
		00FE22AD1E68704A004A4D82 /* Controller */ = {
			isa = PBXGroup;
			children = (
				00FE22AE1E687087004A4D82 /* ISVTabBarController.h */,
				00FE22AF1E687087004A4D82 /* ISVTabBarController.m */,
				00FE22B11E6870AD004A4D82 /* ISVNavigationController.h */,
				00FE22B21E6870AD004A4D82 /* ISVNavigationController.m */,
			);
			path = Controller;
			sourceTree = "<group>";
		};
		00FE22B41E687782004A4D82 /* Home(首页) */ = {
			isa = PBXGroup;
			children = (
				00FE22C71E690F43004A4D82 /* Model */,
				00FE22B51E687782004A4D82 /* Controller */,
			);
			path = "Home(首页)";
			sourceTree = "<group>";
		};
		00FE22B51E687782004A4D82 /* Controller */ = {
			isa = PBXGroup;
			children = (
				00FE22B81E68779F004A4D82 /* ISVHomeViewController.h */,
				00FE22B91E68779F004A4D82 /* ISVHomeViewController.m */,
				00FE235D1E69C6F7004A4D82 /* scanCodeViewController.h */,
				00FE235E1E69C6F7004A4D82 /* scanCodeViewController.m */,
			);
			path = Controller;
			sourceTree = "<group>";
		};
		00FE22B61E687782004A4D82 /* Me(我的) */ = {
			isa = PBXGroup;
			children = (
				00FE22B71E687782004A4D82 /* Controller */,
			);
			path = "Me(我的)";
			sourceTree = "<group>";
		};
		00FE22B71E687782004A4D82 /* Controller */ = {
			isa = PBXGroup;
			children = (
				00FE22BB1E6877B0004A4D82 /* ISVMeViewController.h */,
				00FE22BC1E6877B0004A4D82 /* ISVMeViewController.m */,
			);
			path = Controller;
			sourceTree = "<group>";
		};
		00FE22BE1E68FC0D004A4D82 /* Other(其他) */ = {
			isa = PBXGroup;
			children = (
				00FE22C31E69007E004A4D82 /* Category */,
				00FE22BF1E68FC0D004A4D82 /* Constant */,
			);
			path = "Other(其他)";
			sourceTree = "<group>";
		};
		00FE22BF1E68FC0D004A4D82 /* Constant */ = {
			isa = PBXGroup;
			children = (
				00FE22C01E68FC33004A4D82 /* UIConstant.h */,
				00FE22C11E68FD15004A4D82 /* Constant.h */,
			);
			path = Constant;
			sourceTree = "<group>";
		};
		00FE22C31E69007E004A4D82 /* Category */ = {
			isa = PBXGroup;
			children = (
				00FE22C41E69009F004A4D82 /* UIImage+ISVExtension.h */,
				00FE22C51E69009F004A4D82 /* UIImage+ISVExtension.m */,
				00FE235A1E691D60004A4D82 /* UIColor+ISVExtension.h */,
				00FE235B1E691D60004A4D82 /* UIColor+ISVExtension.m */,
				00FE23601E6A5BDD004A4D82 /* UIButton+ISVExt.h */,
				00FE23611E6A5BDD004A4D82 /* UIButton+ISVExt.m */,
				00FE23631E6A6A69004A4D82 /* UIView+ISVRoundedCorners.h */,
				00FE23641E6A6A69004A4D82 /* UIView+ISVRoundedCorners.m */,
			);
			path = Category;
			sourceTree = "<group>";
		};
		00FE22C71E690F43004A4D82 /* Model */ = {
			isa = PBXGroup;
			children = (
				00FE22C81E690F80004A4D82 /* ISVHomeModel.h */,
				00FE22C91E690F80004A4D82 /* ISVHomeModel.m */,
			);
			path = Model;
			sourceTree = "<group>";
		};
		5F8111660384CBEEB24F4AB8 /* Pods */ = {
			isa = PBXGroup;
			children = (
				9EFE15AFA39A8A84A0894642 /* Pods-ISVCashierSystem.debug.xcconfig */,
				42EA1701F47141B334D3F1AA /* Pods-ISVCashierSystem.release.xcconfig */,
			);
			name = Pods;
			sourceTree = "<group>";
		};
		F2FCA0FB50982E8E7411E11F /* Frameworks */ = {
			isa = PBXGroup;
			children = (
				76EB028E7DB3B69CFDF78173 /* libPods-ISVCashierSystem.a */,
			);
			name = Frameworks;
			sourceTree = "<group>";
		};
/* End PBXGroup section */

/* Begin PBXNativeTarget section */
		0085D6C31E6816AD00BCB29C /* ISVCashierSystem */ = {
			isa = PBXNativeTarget;
			buildConfigurationList = 0085D6F11E6816AD00BCB29C /* Build configuration list for PBXNativeTarget "ISVCashierSystem" */;
			buildPhases = (
				E51EBDF3E3A78A4C26EF240C /* [CP] Check Pods Manifest.lock */,
				0085D6C01E6816AD00BCB29C /* Sources */,
				0085D6C11E6816AD00BCB29C /* Frameworks */,
				0085D6C21E6816AD00BCB29C /* Resources */,
				73910830E1833F4F4B4B582D /* [CP] Embed Pods Frameworks */,
				9122EA12303824409F42756A /* [CP] Copy Pods Resources */,
			);
			buildRules = (
			);
			dependencies = (
			);
			name = ISVCashierSystem;
			productName = ISVCashierSystem;
			productReference = 0085D6C41E6816AD00BCB29C /* ISVCashierSystem.app */;
			productType = "com.apple.product-type.application";
		};
		0085D6DC1E6816AD00BCB29C /* ISVCashierSystemTests */ = {
			isa = PBXNativeTarget;
			buildConfigurationList = 0085D6F41E6816AD00BCB29C /* Build configuration list for PBXNativeTarget "ISVCashierSystemTests" */;
			buildPhases = (
				0085D6D91E6816AD00BCB29C /* Sources */,
				0085D6DA1E6816AD00BCB29C /* Frameworks */,
				0085D6DB1E6816AD00BCB29C /* Resources */,
			);
			buildRules = (
			);
			dependencies = (
				0085D6DF1E6816AD00BCB29C /* PBXTargetDependency */,
			);
			name = ISVCashierSystemTests;
			productName = ISVCashierSystemTests;
			productReference = 0085D6DD1E6816AD00BCB29C /* ISVCashierSystemTests.xctest */;
			productType = "com.apple.product-type.bundle.unit-test";
		};
		0085D6E71E6816AD00BCB29C /* ISVCashierSystemUITests */ = {
			isa = PBXNativeTarget;
			buildConfigurationList = 0085D6F71E6816AD00BCB29C /* Build configuration list for PBXNativeTarget "ISVCashierSystemUITests" */;
			buildPhases = (
				0085D6E41E6816AD00BCB29C /* Sources */,
				0085D6E51E6816AD00BCB29C /* Frameworks */,
				0085D6E61E6816AD00BCB29C /* Resources */,
			);
			buildRules = (
			);
			dependencies = (
				0085D6EA1E6816AD00BCB29C /* PBXTargetDependency */,
			);
			name = ISVCashierSystemUITests;
			productName = ISVCashierSystemUITests;
			productReference = 0085D6E81E6816AD00BCB29C /* ISVCashierSystemUITests.xctest */;
			productType = "com.apple.product-type.bundle.ui-testing";
		};
/* End PBXNativeTarget section */

/* Begin PBXProject section */
		0085D6BC1E6816AD00BCB29C /* Project object */ = {
			isa = PBXProject;
			attributes = {
				LastUpgradeCheck = 0730;
				ORGANIZATIONNAME = "ISV Co.,Ltd";
				TargetAttributes = {
					0085D6C31E6816AD00BCB29C = {
						CreatedOnToolsVersion = 7.3;
						DevelopmentTeam = 22BJT4P63S;
					};
					0085D6DC1E6816AD00BCB29C = {
						CreatedOnToolsVersion = 7.3;
						DevelopmentTeam = 22BJT4P63S;
						TestTargetID = 0085D6C31E6816AD00BCB29C;
					};
					0085D6E71E6816AD00BCB29C = {
						CreatedOnToolsVersion = 7.3;
						DevelopmentTeam = 22BJT4P63S;
						TestTargetID = 0085D6C31E6816AD00BCB29C;
					};
				};
			};
			buildConfigurationList = 0085D6BF1E6816AD00BCB29C /* Build configuration list for PBXProject "ISVCashierSystem" */;
			compatibilityVersion = "Xcode 3.2";
			developmentRegion = English;
			hasScannedForEncodings = 0;
			knownRegions = (
				en,
				Base,
			);
			mainGroup = 0085D6BB1E6816AD00BCB29C;
			productRefGroup = 0085D6C51E6816AD00BCB29C /* Products */;
			projectDirPath = "";
			projectRoot = "";
			targets = (
				0085D6C31E6816AD00BCB29C /* ISVCashierSystem */,
				0085D6DC1E6816AD00BCB29C /* ISVCashierSystemTests */,
				0085D6E71E6816AD00BCB29C /* ISVCashierSystemUITests */,
			);
		};
/* End PBXProject section */

/* Begin PBXResourcesBuildPhase section */
		0085D6C21E6816AD00BCB29C /* Resources */ = {
			isa = PBXResourcesBuildPhase;
			buildActionMask = 2147483647;
			files = (
				0085D6D71E6816AD00BCB29C /* LaunchScreen.storyboard in Resources */,
				0085D6D41E6816AD00BCB29C /* Assets.xcassets in Resources */,
			);
			runOnlyForDeploymentPostprocessing = 0;
		};
		0085D6DB1E6816AD00BCB29C /* Resources */ = {
			isa = PBXResourcesBuildPhase;
			buildActionMask = 2147483647;
			files = (
			);
			runOnlyForDeploymentPostprocessing = 0;
		};
		0085D6E61E6816AD00BCB29C /* Resources */ = {
			isa = PBXResourcesBuildPhase;
			buildActionMask = 2147483647;
			files = (
			);
			runOnlyForDeploymentPostprocessing = 0;
		};
/* End PBXResourcesBuildPhase section */

/* Begin PBXShellScriptBuildPhase section */
		73910830E1833F4F4B4B582D /* [CP] Embed Pods Frameworks */ = {
			isa = PBXShellScriptBuildPhase;
			buildActionMask = 2147483647;
			files = (
			);
			inputPaths = (
			);
			name = "[CP] Embed Pods Frameworks";
			outputPaths = (
			);
			runOnlyForDeploymentPostprocessing = 0;
			shellPath = /bin/sh;
			shellScript = "\"${SRCROOT}/Pods/Target Support Files/Pods-ISVCashierSystem/Pods-ISVCashierSystem-frameworks.sh\"\n";
			showEnvVarsInLog = 0;
		};
		9122EA12303824409F42756A /* [CP] Copy Pods Resources */ = {
			isa = PBXShellScriptBuildPhase;
			buildActionMask = 2147483647;
			files = (
			);
			inputPaths = (
			);
			name = "[CP] Copy Pods Resources";
			outputPaths = (
			);
			runOnlyForDeploymentPostprocessing = 0;
			shellPath = /bin/sh;
			shellScript = "\"${SRCROOT}/Pods/Target Support Files/Pods-ISVCashierSystem/Pods-ISVCashierSystem-resources.sh\"\n";
			showEnvVarsInLog = 0;
		};
		E51EBDF3E3A78A4C26EF240C /* [CP] Check Pods Manifest.lock */ = {
			isa = PBXShellScriptBuildPhase;
			buildActionMask = 2147483647;
			files = (
			);
			inputPaths = (
			);
			name = "[CP] Check Pods Manifest.lock";
			outputPaths = (
			);
			runOnlyForDeploymentPostprocessing = 0;
			shellPath = /bin/sh;
			shellScript = "diff \"${PODS_ROOT}/../Podfile.lock\" \"${PODS_ROOT}/Manifest.lock\" > /dev/null\nif [ $? != 0 ] ; then\n    # print error to STDERR\n    echo \"error: The sandbox is not in sync with the Podfile.lock. Run 'pod install' or update your CocoaPods installation.\" >&2\n    exit 1\nfi\n";
			showEnvVarsInLog = 0;
		};
/* End PBXShellScriptBuildPhase section */

/* Begin PBXSourcesBuildPhase section */
		0085D6C01E6816AD00BCB29C /* Sources */ = {
			isa = PBXSourcesBuildPhase;
			buildActionMask = 2147483647;
			files = (
				00FE235C1E691D60004A4D82 /* UIColor+ISVExtension.m in Sources */,
				00FE22BA1E68779F004A4D82 /* ISVHomeViewController.m in Sources */,
				0085D6CF1E6816AD00BCB29C /* ViewController.m in Sources */,
				0085D6CC1E6816AD00BCB29C /* AppDelegate.m in Sources */,
				00FE22BD1E6877B0004A4D82 /* ISVMeViewController.m in Sources */,
				00FE22C61E69009F004A4D82 /* UIImage+ISVExtension.m in Sources */,
				00FE22CA1E690F80004A4D82 /* ISVHomeModel.m in Sources */,
				00FE23651E6A6A69004A4D82 /* UIView+ISVRoundedCorners.m in Sources */,
				00FE22B31E6870AD004A4D82 /* ISVNavigationController.m in Sources */,
				00FE23621E6A5BDD004A4D82 /* UIButton+ISVExt.m in Sources */,
				00FE22B01E687087004A4D82 /* ISVTabBarController.m in Sources */,
				00FE235F1E69C6F7004A4D82 /* scanCodeViewController.m in Sources */,
				0085D6C91E6816AD00BCB29C /* main.m in Sources */,
			);
			runOnlyForDeploymentPostprocessing = 0;
		};
		0085D6D91E6816AD00BCB29C /* Sources */ = {
			isa = PBXSourcesBuildPhase;
			buildActionMask = 2147483647;
			files = (
				0085D6E21E6816AD00BCB29C /* ISVCashierSystemTests.m in Sources */,
			);
			runOnlyForDeploymentPostprocessing = 0;
		};
		0085D6E41E6816AD00BCB29C /* Sources */ = {
			isa = PBXSourcesBuildPhase;
			buildActionMask = 2147483647;
			files = (
				0085D6ED1E6816AD00BCB29C /* ISVCashierSystemUITests.m in Sources */,
			);
			runOnlyForDeploymentPostprocessing = 0;
		};
/* End PBXSourcesBuildPhase section */

/* Begin PBXTargetDependency section */
		0085D6DF1E6816AD00BCB29C /* PBXTargetDependency */ = {
			isa = PBXTargetDependency;
			target = 0085D6C31E6816AD00BCB29C /* ISVCashierSystem */;
			targetProxy = 0085D6DE1E6816AD00BCB29C /* PBXContainerItemProxy */;
		};
		0085D6EA1E6816AD00BCB29C /* PBXTargetDependency */ = {
			isa = PBXTargetDependency;
			target = 0085D6C31E6816AD00BCB29C /* ISVCashierSystem */;
			targetProxy = 0085D6E91E6816AD00BCB29C /* PBXContainerItemProxy */;
		};
/* End PBXTargetDependency section */

/* Begin PBXVariantGroup section */
		0085D6D51E6816AD00BCB29C /* LaunchScreen.storyboard */ = {
			isa = PBXVariantGroup;
			children = (
				0085D6D61E6816AD00BCB29C /* Base */,
			);
			name = LaunchScreen.storyboard;
			sourceTree = "<group>";
		};
/* End PBXVariantGroup section */

/* Begin XCBuildConfiguration section */
		0085D6EF1E6816AD00BCB29C /* Debug */ = {
			isa = XCBuildConfiguration;
			buildSettings = {
				ALWAYS_SEARCH_USER_PATHS = NO;
				CLANG_ANALYZER_NONNULL = YES;
				CLANG_CXX_LANGUAGE_STANDARD = "gnu++0x";
				CLANG_CXX_LIBRARY = "libc++";
				CLANG_ENABLE_MODULES = YES;
				CLANG_ENABLE_OBJC_ARC = YES;
				CLANG_WARN_BOOL_CONVERSION = YES;
				CLANG_WARN_CONSTANT_CONVERSION = YES;
				CLANG_WARN_DIRECT_OBJC_ISA_USAGE = YES_ERROR;
				CLANG_WARN_EMPTY_BODY = YES;
				CLANG_WARN_ENUM_CONVERSION = YES;
				CLANG_WARN_INT_CONVERSION = YES;
				CLANG_WARN_OBJC_ROOT_CLASS = YES_ERROR;
				CLANG_WARN_UNREACHABLE_CODE = YES;
				CLANG_WARN__DUPLICATE_METHOD_MATCH = YES;
				"CODE_SIGN_IDENTITY[sdk=iphoneos*]" = "iPhone Developer";
				COPY_PHASE_STRIP = NO;
				DEBUG_INFORMATION_FORMAT = dwarf;
				ENABLE_STRICT_OBJC_MSGSEND = YES;
				ENABLE_TESTABILITY = YES;
				GCC_C_LANGUAGE_STANDARD = gnu99;
				GCC_DYNAMIC_NO_PIC = NO;
				GCC_NO_COMMON_BLOCKS = YES;
				GCC_OPTIMIZATION_LEVEL = 0;
				GCC_PREPROCESSOR_DEFINITIONS = (
					"DEBUG=1",
					"$(inherited)",
				);
				GCC_WARN_64_TO_32_BIT_CONVERSION = YES;
				GCC_WARN_ABOUT_RETURN_TYPE = YES_ERROR;
				GCC_WARN_UNDECLARED_SELECTOR = YES;
				GCC_WARN_UNINITIALIZED_AUTOS = YES_AGGRESSIVE;
				GCC_WARN_UNUSED_FUNCTION = YES;
				GCC_WARN_UNUSED_VARIABLE = YES;
				IPHONEOS_DEPLOYMENT_TARGET = 9.3;
				MTL_ENABLE_DEBUG_INFO = YES;
				ONLY_ACTIVE_ARCH = YES;
				SDKROOT = iphoneos;
				TARGETED_DEVICE_FAMILY = "1,2";
			};
			name = Debug;
		};
		0085D6F01E6816AD00BCB29C /* Release */ = {
			isa = XCBuildConfiguration;
			buildSettings = {
				ALWAYS_SEARCH_USER_PATHS = NO;
				CLANG_ANALYZER_NONNULL = YES;
				CLANG_CXX_LANGUAGE_STANDARD = "gnu++0x";
				CLANG_CXX_LIBRARY = "libc++";
				CLANG_ENABLE_MODULES = YES;
				CLANG_ENABLE_OBJC_ARC = YES;
				CLANG_WARN_BOOL_CONVERSION = YES;
				CLANG_WARN_CONSTANT_CONVERSION = YES;
				CLANG_WARN_DIRECT_OBJC_ISA_USAGE = YES_ERROR;
				CLANG_WARN_EMPTY_BODY = YES;
				CLANG_WARN_ENUM_CONVERSION = YES;
				CLANG_WARN_INT_CONVERSION = YES;
				CLANG_WARN_OBJC_ROOT_CLASS = YES_ERROR;
				CLANG_WARN_UNREACHABLE_CODE = YES;
				CLANG_WARN__DUPLICATE_METHOD_MATCH = YES;
				"CODE_SIGN_IDENTITY[sdk=iphoneos*]" = "iPhone Developer";
				COPY_PHASE_STRIP = NO;
				DEBUG_INFORMATION_FORMAT = "dwarf-with-dsym";
				ENABLE_NS_ASSERTIONS = NO;
				ENABLE_STRICT_OBJC_MSGSEND = YES;
				GCC_C_LANGUAGE_STANDARD = gnu99;
				GCC_NO_COMMON_BLOCKS = YES;
				GCC_WARN_64_TO_32_BIT_CONVERSION = YES;
				GCC_WARN_ABOUT_RETURN_TYPE = YES_ERROR;
				GCC_WARN_UNDECLARED_SELECTOR = YES;
				GCC_WARN_UNINITIALIZED_AUTOS = YES_AGGRESSIVE;
				GCC_WARN_UNUSED_FUNCTION = YES;
				GCC_WARN_UNUSED_VARIABLE = YES;
				IPHONEOS_DEPLOYMENT_TARGET = 9.3;
				MTL_ENABLE_DEBUG_INFO = NO;
				SDKROOT = iphoneos;
				TARGETED_DEVICE_FAMILY = "1,2";
				VALIDATE_PRODUCT = YES;
			};
			name = Release;
		};
		0085D6F21E6816AD00BCB29C /* Debug */ = {
			isa = XCBuildConfiguration;
			baseConfigurationReference = 9EFE15AFA39A8A84A0894642 /* Pods-ISVCashierSystem.debug.xcconfig */;
			buildSettings = {
				ASSETCATALOG_COMPILER_APPICON_NAME = AppIcon;
				GCC_PRECOMPILE_PREFIX_HEADER = YES;
				GCC_PREFIX_HEADER = "$(SRCROOT)/ISVCashierSystem/ISV.pch";
				INFOPLIST_FILE = ISVCashierSystem/Info.plist;
				IPHONEOS_DEPLOYMENT_TARGET = 8.0;
				LD_RUNPATH_SEARCH_PATHS = "$(inherited) @executable_path/Frameworks";
				PRODUCT_BUNDLE_IDENTIFIER = com.aihua.ISVCashierSystem;
				PRODUCT_NAME = "$(TARGET_NAME)";
			};
			name = Debug;
		};
		0085D6F31E6816AD00BCB29C /* Release */ = {
			isa = XCBuildConfiguration;
			baseConfigurationReference = 42EA1701F47141B334D3F1AA /* Pods-ISVCashierSystem.release.xcconfig */;
			buildSettings = {
				ASSETCATALOG_COMPILER_APPICON_NAME = AppIcon;
				GCC_PRECOMPILE_PREFIX_HEADER = YES;
				GCC_PREFIX_HEADER = "$(SRCROOT)/ISVCashierSystem/ISV.pch";
				INFOPLIST_FILE = ISVCashierSystem/Info.plist;
				IPHONEOS_DEPLOYMENT_TARGET = 8.0;
				LD_RUNPATH_SEARCH_PATHS = "$(inherited) @executable_path/Frameworks";
				PRODUCT_BUNDLE_IDENTIFIER = com.aihua.ISVCashierSystem;
				PRODUCT_NAME = "$(TARGET_NAME)";
			};
			name = Release;
		};
		0085D6F51E6816AD00BCB29C /* Debug */ = {
			isa = XCBuildConfiguration;
			buildSettings = {
				BUNDLE_LOADER = "$(TEST_HOST)";
				INFOPLIST_FILE = ISVCashierSystemTests/Info.plist;
				LD_RUNPATH_SEARCH_PATHS = "$(inherited) @executable_path/Frameworks @loader_path/Frameworks";
				PRODUCT_BUNDLE_IDENTIFIER = com.aihua.ISVCashierSystemTests;
				PRODUCT_NAME = "$(TARGET_NAME)";
				TEST_HOST = "$(BUILT_PRODUCTS_DIR)/ISVCashierSystem.app/ISVCashierSystem";
			};
			name = Debug;
		};
		0085D6F61E6816AD00BCB29C /* Release */ = {
			isa = XCBuildConfiguration;
			buildSettings = {
				BUNDLE_LOADER = "$(TEST_HOST)";
				INFOPLIST_FILE = ISVCashierSystemTests/Info.plist;
				LD_RUNPATH_SEARCH_PATHS = "$(inherited) @executable_path/Frameworks @loader_path/Frameworks";
				PRODUCT_BUNDLE_IDENTIFIER = com.aihua.ISVCashierSystemTests;
				PRODUCT_NAME = "$(TARGET_NAME)";
				TEST_HOST = "$(BUILT_PRODUCTS_DIR)/ISVCashierSystem.app/ISVCashierSystem";
			};
			name = Release;
		};
		0085D6F81E6816AD00BCB29C /* Debug */ = {
			isa = XCBuildConfiguration;
			buildSettings = {
				INFOPLIST_FILE = ISVCashierSystemUITests/Info.plist;
				LD_RUNPATH_SEARCH_PATHS = "$(inherited) @executable_path/Frameworks @loader_path/Frameworks";
				PRODUCT_BUNDLE_IDENTIFIER = com.aihua.ISVCashierSystemUITests;
				PRODUCT_NAME = "$(TARGET_NAME)";
				TEST_TARGET_NAME = ISVCashierSystem;
			};
			name = Debug;
		};
		0085D6F91E6816AD00BCB29C /* Release */ = {
			isa = XCBuildConfiguration;
			buildSettings = {
				INFOPLIST_FILE = ISVCashierSystemUITests/Info.plist;
				LD_RUNPATH_SEARCH_PATHS = "$(inherited) @executable_path/Frameworks @loader_path/Frameworks";
				PRODUCT_BUNDLE_IDENTIFIER = com.aihua.ISVCashierSystemUITests;
				PRODUCT_NAME = "$(TARGET_NAME)";
				TEST_TARGET_NAME = ISVCashierSystem;
			};
			name = Release;
		};
/* End XCBuildConfiguration section */

/* Begin XCConfigurationList section */
		0085D6BF1E6816AD00BCB29C /* Build configuration list for PBXProject "ISVCashierSystem" */ = {
			isa = XCConfigurationList;
			buildConfigurations = (
				0085D6EF1E6816AD00BCB29C /* Debug */,
				0085D6F01E6816AD00BCB29C /* Release */,
			);
			defaultConfigurationIsVisible = 0;
			defaultConfigurationName = Release;
		};
		0085D6F11E6816AD00BCB29C /* Build configuration list for PBXNativeTarget "ISVCashierSystem" */ = {
			isa = XCConfigurationList;
			buildConfigurations = (
				0085D6F21E6816AD00BCB29C /* Debug */,
				0085D6F31E6816AD00BCB29C /* Release */,
			);
			defaultConfigurationIsVisible = 0;
			defaultConfigurationName = Release;
		};
		0085D6F41E6816AD00BCB29C /* Build configuration list for PBXNativeTarget "ISVCashierSystemTests" */ = {
			isa = XCConfigurationList;
			buildConfigurations = (
				0085D6F51E6816AD00BCB29C /* Debug */,
				0085D6F61E6816AD00BCB29C /* Release */,
			);
			defaultConfigurationIsVisible = 0;
			defaultConfigurationName = Release;
		};
		0085D6F71E6816AD00BCB29C /* Build configuration list for PBXNativeTarget "ISVCashierSystemUITests" */ = {
			isa = XCConfigurationList;
			buildConfigurations = (
				0085D6F81E6816AD00BCB29C /* Debug */,
				0085D6F91E6816AD00BCB29C /* Release */,
			);
			defaultConfigurationIsVisible = 0;
			defaultConfigurationName = Release;
		};
/* End XCConfigurationList section */
	};
	rootObject = 0085D6BC1E6816AD00BCB29C /* Project object */;
}
